// !$*UTF8*$!
{
	archiveVersion = 1;
	classes = {
	};
	objectVersion = 50;
	objects = {

/* Begin PBXBuildFile section */
		3A4B096925CEB459005B5337 /* SamplesTests.swift in Sources */ = {isa = PBXBuildFile; fileRef = 3A4B096825CEB458005B5337 /* SamplesTests.swift */; };
		3A81B2AB25B4B8FD00272889 /* iRacingSDK.framework in Frameworks */ = {isa = PBXBuildFile; fileRef = 3A81B2A125B4B8FD00272889 /* iRacingSDK.framework */; };
		3A81B2B025B4B8FD00272889 /* PerformanceTests.swift in Sources */ = {isa = PBXBuildFile; fileRef = 3A81B2AF25B4B8FD00272889 /* PerformanceTests.swift */; };
		3A81B2B225B4B8FD00272889 /* iRacingSDK.h in Headers */ = {isa = PBXBuildFile; fileRef = 3A81B2A425B4B8FD00272889 /* iRacingSDK.h */; settings = {ATTRIBUTES = (Public, ); }; };
		3A81B2BE25B4BA0A00272889 /* Telemetry.swift in Sources */ = {isa = PBXBuildFile; fileRef = 3A81B2BD25B4BA0A00272889 /* Telemetry.swift */; };
		3A81B2C025B4BA2E00272889 /* Channel.swift in Sources */ = {isa = PBXBuildFile; fileRef = 3A81B2BF25B4BA2E00272889 /* Channel.swift */; };
		3A81B2C225B4BA3D00272889 /* DataType.swift in Sources */ = {isa = PBXBuildFile; fileRef = 3A81B2C125B4BA3D00272889 /* DataType.swift */; };
		3A81B2C425B4BA4600272889 /* IBT.swift in Sources */ = {isa = PBXBuildFile; fileRef = 3A81B2C325B4BA4600272889 /* IBT.swift */; };
		3A81B2C825B4BA5500272889 /* Weekend.swift in Sources */ = {isa = PBXBuildFile; fileRef = 3A81B2C725B4BA5500272889 /* Weekend.swift */; };
		3A81B2CA25B4BA5D00272889 /* YAML.swift in Sources */ = {isa = PBXBuildFile; fileRef = 3A81B2C925B4BA5D00272889 /* YAML.swift */; };
		3A81B2CC25B4BA6B00272889 /* Debug.swift in Sources */ = {isa = PBXBuildFile; fileRef = 3A81B2CB25B4BA6B00272889 /* Debug.swift */; };
		3A81B2CF25B4BB8A00272889 /* Data+.swift in Sources */ = {isa = PBXBuildFile; fileRef = 3A81B2CE25B4BB8A00272889 /* Data+.swift */; };
		3A81B2D125B4BB9200272889 /* String+.swift in Sources */ = {isa = PBXBuildFile; fileRef = 3A81B2D025B4BB9200272889 /* String+.swift */; };
		3AA2CAF125B8C19E003D6B3F /* ChannelNames.swift in Sources */ = {isa = PBXBuildFile; fileRef = 3AA2CAF025B8C19E003D6B3F /* ChannelNames.swift */; };
		3AAE916725B5040900DA1DF7 /* Channels.swift in Sources */ = {isa = PBXBuildFile; fileRef = 3AAE916625B5040900DA1DF7 /* Channels.swift */; };
/* End PBXBuildFile section */

/* Begin PBXContainerItemProxy section */
		3A81B2AC25B4B8FD00272889 /* PBXContainerItemProxy */ = {
			isa = PBXContainerItemProxy;
			containerPortal = 3A81B29825B4B8FD00272889 /* Project object */;
			proxyType = 1;
			remoteGlobalIDString = 3A81B2A025B4B8FD00272889;
			remoteInfo = iRacingSDK;
		};
/* End PBXContainerItemProxy section */

/* Begin PBXFileReference section */
		3A4B096825CEB458005B5337 /* SamplesTests.swift */ = {isa = PBXFileReference; lastKnownFileType = sourcecode.swift; path = SamplesTests.swift; sourceTree = "<group>"; };
		3A81B2A125B4B8FD00272889 /* iRacingSDK.framework */ = {isa = PBXFileReference; explicitFileType = wrapper.framework; includeInIndex = 0; path = iRacingSDK.framework; sourceTree = BUILT_PRODUCTS_DIR; };
		3A81B2A425B4B8FD00272889 /* iRacingSDK.h */ = {isa = PBXFileReference; lastKnownFileType = sourcecode.c.h; path = iRacingSDK.h; sourceTree = "<group>"; };
		3A81B2A525B4B8FD00272889 /* Info.plist */ = {isa = PBXFileReference; lastKnownFileType = text.plist.xml; path = Info.plist; sourceTree = "<group>"; };
		3A81B2AA25B4B8FD00272889 /* iRacingSDKTests.xctest */ = {isa = PBXFileReference; explicitFileType = wrapper.cfbundle; includeInIndex = 0; path = iRacingSDKTests.xctest; sourceTree = BUILT_PRODUCTS_DIR; };
		3A81B2AF25B4B8FD00272889 /* PerformanceTests.swift */ = {isa = PBXFileReference; lastKnownFileType = sourcecode.swift; path = PerformanceTests.swift; sourceTree = "<group>"; };
		3A81B2B125B4B8FD00272889 /* Info.plist */ = {isa = PBXFileReference; lastKnownFileType = text.plist.xml; path = Info.plist; sourceTree = "<group>"; };
		3A81B2BD25B4BA0A00272889 /* Telemetry.swift */ = {isa = PBXFileReference; lastKnownFileType = sourcecode.swift; path = Telemetry.swift; sourceTree = "<group>"; };
		3A81B2BF25B4BA2E00272889 /* Channel.swift */ = {isa = PBXFileReference; lastKnownFileType = sourcecode.swift; path = Channel.swift; sourceTree = "<group>"; };
		3A81B2C125B4BA3D00272889 /* DataType.swift */ = {isa = PBXFileReference; lastKnownFileType = sourcecode.swift; path = DataType.swift; sourceTree = "<group>"; };
		3A81B2C325B4BA4600272889 /* IBT.swift */ = {isa = PBXFileReference; lastKnownFileType = sourcecode.swift; path = IBT.swift; sourceTree = "<group>"; };
		3A81B2C725B4BA5500272889 /* Weekend.swift */ = {isa = PBXFileReference; lastKnownFileType = sourcecode.swift; path = Weekend.swift; sourceTree = "<group>"; };
		3A81B2C925B4BA5D00272889 /* YAML.swift */ = {isa = PBXFileReference; lastKnownFileType = sourcecode.swift; path = YAML.swift; sourceTree = "<group>"; };
		3A81B2CB25B4BA6B00272889 /* Debug.swift */ = {isa = PBXFileReference; lastKnownFileType = sourcecode.swift; path = Debug.swift; sourceTree = "<group>"; };
		3A81B2CE25B4BB8A00272889 /* Data+.swift */ = {isa = PBXFileReference; lastKnownFileType = sourcecode.swift; path = "Data+.swift"; sourceTree = "<group>"; };
		3A81B2D025B4BB9200272889 /* String+.swift */ = {isa = PBXFileReference; lastKnownFileType = sourcecode.swift; path = "String+.swift"; sourceTree = "<group>"; };
		3AA2CAF025B8C19E003D6B3F /* ChannelNames.swift */ = {isa = PBXFileReference; lastKnownFileType = sourcecode.swift; path = ChannelNames.swift; sourceTree = "<group>"; };
		3AAE916625B5040900DA1DF7 /* Channels.swift */ = {isa = PBXFileReference; lastKnownFileType = sourcecode.swift; path = Channels.swift; sourceTree = "<group>"; };
/* End PBXFileReference section */

/* Begin PBXFrameworksBuildPhase section */
		3A81B29E25B4B8FD00272889 /* Frameworks */ = {
			isa = PBXFrameworksBuildPhase;
			buildActionMask = 2147483647;
			files = (
			);
			runOnlyForDeploymentPostprocessing = 0;
		};
		3A81B2A725B4B8FD00272889 /* Frameworks */ = {
			isa = PBXFrameworksBuildPhase;
			buildActionMask = 2147483647;
			files = (
				3A81B2AB25B4B8FD00272889 /* iRacingSDK.framework in Frameworks */,
			);
			runOnlyForDeploymentPostprocessing = 0;
		};
/* End PBXFrameworksBuildPhase section */

/* Begin PBXGroup section */
		3A81B29725B4B8FD00272889 = {
			isa = PBXGroup;
			children = (
				3AA2CAEF25B8C17C003D6B3F /* Helpers */,
				3A81B2CD25B4BB7600272889 /* Foundation+ */,
				3A81B2BB25B4B91F00272889 /* Sources */,
				3A81B2A325B4B8FD00272889 /* Resources */,
				3A81B2AE25B4B8FD00272889 /* iRacingSDKTests */,
				3A81B2A225B4B8FD00272889 /* Products */,
			);
			sourceTree = "<group>";
		};
		3A81B2A225B4B8FD00272889 /* Products */ = {
			isa = PBXGroup;
			children = (
				3A81B2A125B4B8FD00272889 /* iRacingSDK.framework */,
				3A81B2AA25B4B8FD00272889 /* iRacingSDKTests.xctest */,
			);
			name = Products;
			sourceTree = "<group>";
		};
		3A81B2A325B4B8FD00272889 /* Resources */ = {
			isa = PBXGroup;
			children = (
				3A81B2A525B4B8FD00272889 /* Info.plist */,
			);
			path = Resources;
			sourceTree = "<group>";
		};
		3A81B2AE25B4B8FD00272889 /* iRacingSDKTests */ = {
			isa = PBXGroup;
			children = (
				3A81B2AF25B4B8FD00272889 /* PerformanceTests.swift */,
				3A4B096825CEB458005B5337 /* SamplesTests.swift */,
				3A81B2B125B4B8FD00272889 /* Info.plist */,
			);
			path = iRacingSDKTests;
			sourceTree = "<group>";
		};
		3A81B2BB25B4B91F00272889 /* Sources */ = {
			isa = PBXGroup;
			children = (
				3A81B2A425B4B8FD00272889 /* iRacingSDK.h */,
				3A81B2BD25B4BA0A00272889 /* Telemetry.swift */,
				3A81B2C325B4BA4600272889 /* IBT.swift */,
				3A81B2C725B4BA5500272889 /* Weekend.swift */,
				3AAE916625B5040900DA1DF7 /* Channels.swift */,
				3A81B2BF25B4BA2E00272889 /* Channel.swift */,
				3A81B2C125B4BA3D00272889 /* DataType.swift */,
				3A81B2C925B4BA5D00272889 /* YAML.swift */,
			);
			path = Sources;
			sourceTree = "<group>";
		};
		3A81B2CD25B4BB7600272889 /* Foundation+ */ = {
			isa = PBXGroup;
			children = (
				3A81B2CE25B4BB8A00272889 /* Data+.swift */,
				3A81B2D025B4BB9200272889 /* String+.swift */,
			);
			path = "Foundation+";
			sourceTree = "<group>";
		};
		3AA2CAEF25B8C17C003D6B3F /* Helpers */ = {
			isa = PBXGroup;
			children = (
				3A81B2CB25B4BA6B00272889 /* Debug.swift */,
				3AA2CAF025B8C19E003D6B3F /* ChannelNames.swift */,
			);
			path = Helpers;
			sourceTree = "<group>";
		};
/* End PBXGroup section */

/* Begin PBXHeadersBuildPhase section */
		3A81B29C25B4B8FD00272889 /* Headers */ = {
			isa = PBXHeadersBuildPhase;
			buildActionMask = 2147483647;
			files = (
				3A81B2B225B4B8FD00272889 /* iRacingSDK.h in Headers */,
			);
			runOnlyForDeploymentPostprocessing = 0;
		};
/* End PBXHeadersBuildPhase section */

/* Begin PBXNativeTarget section */
		3A81B2A025B4B8FD00272889 /* iRacingSDK */ = {
			isa = PBXNativeTarget;
			buildConfigurationList = 3A81B2B525B4B8FD00272889 /* Build configuration list for PBXNativeTarget "iRacingSDK" */;
			buildPhases = (
				3A81B29C25B4B8FD00272889 /* Headers */,
				3A81B29D25B4B8FD00272889 /* Sources */,
				3A81B29E25B4B8FD00272889 /* Frameworks */,
				3A81B29F25B4B8FD00272889 /* Resources */,
			);
			buildRules = (
			);
			dependencies = (
			);
			name = iRacingSDK;
			productName = iRacingSDK;
			productReference = 3A81B2A125B4B8FD00272889 /* iRacingSDK.framework */;
			productType = "com.apple.product-type.framework";
		};
		3A81B2A925B4B8FD00272889 /* iRacingSDKTests */ = {
			isa = PBXNativeTarget;
			buildConfigurationList = 3A81B2B825B4B8FD00272889 /* Build configuration list for PBXNativeTarget "iRacingSDKTests" */;
			buildPhases = (
				3A81B2A625B4B8FD00272889 /* Sources */,
				3A81B2A725B4B8FD00272889 /* Frameworks */,
				3A81B2A825B4B8FD00272889 /* Resources */,
			);
			buildRules = (
			);
			dependencies = (
				3A81B2AD25B4B8FD00272889 /* PBXTargetDependency */,
			);
			name = iRacingSDKTests;
			productName = iRacingSDKTests;
			productReference = 3A81B2AA25B4B8FD00272889 /* iRacingSDKTests.xctest */;
			productType = "com.apple.product-type.bundle.unit-test";
		};
/* End PBXNativeTarget section */

/* Begin PBXProject section */
		3A81B29825B4B8FD00272889 /* Project object */ = {
			isa = PBXProject;
			attributes = {
				LastSwiftUpdateCheck = 1130;
				LastUpgradeCheck = 1130;
				ORGANIZATIONNAME = Socii;
				TargetAttributes = {
					3A81B2A025B4B8FD00272889 = {
						CreatedOnToolsVersion = 11.3;
						LastSwiftMigration = 1130;
					};
					3A81B2A925B4B8FD00272889 = {
						CreatedOnToolsVersion = 11.3;
					};
				};
			};
			buildConfigurationList = 3A81B29B25B4B8FD00272889 /* Build configuration list for PBXProject "iRacingSDK" */;
			compatibilityVersion = "Xcode 9.3";
			developmentRegion = en;
			hasScannedForEncodings = 0;
			knownRegions = (
				en,
				Base,
			);
			mainGroup = 3A81B29725B4B8FD00272889;
			productRefGroup = 3A81B2A225B4B8FD00272889 /* Products */;
			projectDirPath = "";
			projectRoot = "";
			targets = (
				3A81B2A025B4B8FD00272889 /* iRacingSDK */,
				3A81B2A925B4B8FD00272889 /* iRacingSDKTests */,
			);
		};
/* End PBXProject section */

/* Begin PBXResourcesBuildPhase section */
		3A81B29F25B4B8FD00272889 /* Resources */ = {
			isa = PBXResourcesBuildPhase;
			buildActionMask = 2147483647;
			files = (
			);
			runOnlyForDeploymentPostprocessing = 0;
		};
		3A81B2A825B4B8FD00272889 /* Resources */ = {
			isa = PBXResourcesBuildPhase;
			buildActionMask = 2147483647;
			files = (
			);
			runOnlyForDeploymentPostprocessing = 0;
		};
/* End PBXResourcesBuildPhase section */

/* Begin PBXSourcesBuildPhase section */
		3A81B29D25B4B8FD00272889 /* Sources */ = {
			isa = PBXSourcesBuildPhase;
			buildActionMask = 2147483647;
			files = (
				3A81B2CF25B4BB8A00272889 /* Data+.swift in Sources */,
				3A81B2BE25B4BA0A00272889 /* Telemetry.swift in Sources */,
				3AAE916725B5040900DA1DF7 /* Channels.swift in Sources */,
				3A81B2D125B4BB9200272889 /* String+.swift in Sources */,
				3A81B2C225B4BA3D00272889 /* DataType.swift in Sources */,
				3A81B2CA25B4BA5D00272889 /* YAML.swift in Sources */,
				3A81B2C825B4BA5500272889 /* Weekend.swift in Sources */,
				3AA2CAF125B8C19E003D6B3F /* ChannelNames.swift in Sources */,
				3A81B2C025B4BA2E00272889 /* Channel.swift in Sources */,
				3A81B2CC25B4BA6B00272889 /* Debug.swift in Sources */,
				3A81B2C425B4BA4600272889 /* IBT.swift in Sources */,
			);
			runOnlyForDeploymentPostprocessing = 0;
		};
		3A81B2A625B4B8FD00272889 /* Sources */ = {
			isa = PBXSourcesBuildPhase;
			buildActionMask = 2147483647;
			files = (
				3A81B2B025B4B8FD00272889 /* PerformanceTests.swift in Sources */,
				3A4B096925CEB459005B5337 /* SamplesTests.swift in Sources */,
			);
			runOnlyForDeploymentPostprocessing = 0;
		};
/* End PBXSourcesBuildPhase section */

/* Begin PBXTargetDependency section */
		3A81B2AD25B4B8FD00272889 /* PBXTargetDependency */ = {
			isa = PBXTargetDependency;
			target = 3A81B2A025B4B8FD00272889 /* iRacingSDK */;
			targetProxy = 3A81B2AC25B4B8FD00272889 /* PBXContainerItemProxy */;
		};
/* End PBXTargetDependency section */

/* Begin XCBuildConfiguration section */
		3A81B2B325B4B8FD00272889 /* Debug */ = {
			isa = XCBuildConfiguration;
			buildSettings = {
				ALWAYS_SEARCH_USER_PATHS = NO;
				CLANG_ANALYZER_NONNULL = YES;
				CLANG_ANALYZER_NUMBER_OBJECT_CONVERSION = YES_AGGRESSIVE;
				CLANG_CXX_LANGUAGE_STANDARD = "gnu++14";
				CLANG_CXX_LIBRARY = "libc++";
				CLANG_ENABLE_MODULES = YES;
				CLANG_ENABLE_OBJC_ARC = YES;
				CLANG_ENABLE_OBJC_WEAK = YES;
				CLANG_WARN_BLOCK_CAPTURE_AUTORELEASING = YES;
				CLANG_WARN_BOOL_CONVERSION = YES;
				CLANG_WARN_COMMA = YES;
				CLANG_WARN_CONSTANT_CONVERSION = YES;
				CLANG_WARN_DEPRECATED_OBJC_IMPLEMENTATIONS = YES;
				CLANG_WARN_DIRECT_OBJC_ISA_USAGE = YES_ERROR;
				CLANG_WARN_DOCUMENTATION_COMMENTS = YES;
				CLANG_WARN_EMPTY_BODY = YES;
				CLANG_WARN_ENUM_CONVERSION = YES;
				CLANG_WARN_INFINITE_RECURSION = YES;
				CLANG_WARN_INT_CONVERSION = YES;
				CLANG_WARN_NON_LITERAL_NULL_CONVERSION = YES;
				CLANG_WARN_OBJC_IMPLICIT_RETAIN_SELF = YES;
				CLANG_WARN_OBJC_LITERAL_CONVERSION = YES;
				CLANG_WARN_OBJC_ROOT_CLASS = YES_ERROR;
				CLANG_WARN_RANGE_LOOP_ANALYSIS = YES;
				CLANG_WARN_STRICT_PROTOTYPES = YES;
				CLANG_WARN_SUSPICIOUS_MOVE = YES;
				CLANG_WARN_UNGUARDED_AVAILABILITY = YES_AGGRESSIVE;
				CLANG_WARN_UNREACHABLE_CODE = YES;
				CLANG_WARN__DUPLICATE_METHOD_MATCH = YES;
				COPY_PHASE_STRIP = NO;
				CURRENT_PROJECT_VERSION = 1;
				DEBUG_INFORMATION_FORMAT = dwarf;
				ENABLE_STRICT_OBJC_MSGSEND = YES;
				ENABLE_TESTABILITY = YES;
				GCC_C_LANGUAGE_STANDARD = gnu11;
				GCC_DYNAMIC_NO_PIC = NO;
				GCC_NO_COMMON_BLOCKS = YES;
				GCC_OPTIMIZATION_LEVEL = 0;
				GCC_PREPROCESSOR_DEFINITIONS = (
					"DEBUG=1",
					"$(inherited)",
				);
				GCC_WARN_64_TO_32_BIT_CONVERSION = YES;
				GCC_WARN_ABOUT_RETURN_TYPE = YES_ERROR;
				GCC_WARN_UNDECLARED_SELECTOR = YES;
				GCC_WARN_UNINITIALIZED_AUTOS = YES_AGGRESSIVE;
				GCC_WARN_UNUSED_FUNCTION = YES;
				GCC_WARN_UNUSED_VARIABLE = YES;
				MACOSX_DEPLOYMENT_TARGET = 10.9;
				MTL_ENABLE_DEBUG_INFO = INCLUDE_SOURCE;
				MTL_FAST_MATH = YES;
				ONLY_ACTIVE_ARCH = YES;
				SDKROOT = macosx;
				SWIFT_ACTIVE_COMPILATION_CONDITIONS = DEBUG;
				SWIFT_OPTIMIZATION_LEVEL = "-Onone";
				VERSIONING_SYSTEM = "apple-generic";
				VERSION_INFO_PREFIX = "";
			};
			name = Debug;
		};
		3A81B2B425B4B8FD00272889 /* Release */ = {
			isa = XCBuildConfiguration;
			buildSettings = {
				ALWAYS_SEARCH_USER_PATHS = NO;
				CLANG_ANALYZER_NONNULL = YES;
				CLANG_ANALYZER_NUMBER_OBJECT_CONVERSION = YES_AGGRESSIVE;
				CLANG_CXX_LANGUAGE_STANDARD = "gnu++14";
				CLANG_CXX_LIBRARY = "libc++";
				CLANG_ENABLE_MODULES = YES;
				CLANG_ENABLE_OBJC_ARC = YES;
				CLANG_ENABLE_OBJC_WEAK = YES;
				CLANG_WARN_BLOCK_CAPTURE_AUTORELEASING = YES;
				CLANG_WARN_BOOL_CONVERSION = YES;
				CLANG_WARN_COMMA = YES;
				CLANG_WARN_CONSTANT_CONVERSION = YES;
				CLANG_WARN_DEPRECATED_OBJC_IMPLEMENTATIONS = YES;
				CLANG_WARN_DIRECT_OBJC_ISA_USAGE = YES_ERROR;
				CLANG_WARN_DOCUMENTATION_COMMENTS = YES;
				CLANG_WARN_EMPTY_BODY = YES;
				CLANG_WARN_ENUM_CONVERSION = YES;
				CLANG_WARN_INFINITE_RECURSION = YES;
				CLANG_WARN_INT_CONVERSION = YES;
				CLANG_WARN_NON_LITERAL_NULL_CONVERSION = YES;
				CLANG_WARN_OBJC_IMPLICIT_RETAIN_SELF = YES;
				CLANG_WARN_OBJC_LITERAL_CONVERSION = YES;
				CLANG_WARN_OBJC_ROOT_CLASS = YES_ERROR;
				CLANG_WARN_RANGE_LOOP_ANALYSIS = YES;
				CLANG_WARN_STRICT_PROTOTYPES = YES;
				CLANG_WARN_SUSPICIOUS_MOVE = YES;
				CLANG_WARN_UNGUARDED_AVAILABILITY = YES_AGGRESSIVE;
				CLANG_WARN_UNREACHABLE_CODE = YES;
				CLANG_WARN__DUPLICATE_METHOD_MATCH = YES;
				COPY_PHASE_STRIP = NO;
				CURRENT_PROJECT_VERSION = 1;
				DEBUG_INFORMATION_FORMAT = "dwarf-with-dsym";
				ENABLE_NS_ASSERTIONS = NO;
				ENABLE_STRICT_OBJC_MSGSEND = YES;
				GCC_C_LANGUAGE_STANDARD = gnu11;
				GCC_NO_COMMON_BLOCKS = YES;
				GCC_WARN_64_TO_32_BIT_CONVERSION = YES;
				GCC_WARN_ABOUT_RETURN_TYPE = YES_ERROR;
				GCC_WARN_UNDECLARED_SELECTOR = YES;
				GCC_WARN_UNINITIALIZED_AUTOS = YES_AGGRESSIVE;
				GCC_WARN_UNUSED_FUNCTION = YES;
				GCC_WARN_UNUSED_VARIABLE = YES;
				MACOSX_DEPLOYMENT_TARGET = 10.9;
				MTL_ENABLE_DEBUG_INFO = NO;
				MTL_FAST_MATH = YES;
				SDKROOT = macosx;
				SWIFT_COMPILATION_MODE = wholemodule;
				SWIFT_OPTIMIZATION_LEVEL = "-O";
				VERSIONING_SYSTEM = "apple-generic";
				VERSION_INFO_PREFIX = "";
			};
			name = Release;
		};
		3A81B2B625B4B8FD00272889 /* Debug */ = {
			isa = XCBuildConfiguration;
			buildSettings = {
				CLANG_ENABLE_MODULES = YES;
				CODE_SIGN_STYLE = Automatic;
				COMBINE_HIDPI_IMAGES = YES;
				CURRENT_PROJECT_VERSION = 4;
				DEFINES_MODULE = YES;
				DEVELOPMENT_TEAM = T2QBYJ23J6;
				DYLIB_COMPATIBILITY_VERSION = 1;
				DYLIB_CURRENT_VERSION = 1;
				DYLIB_INSTALL_NAME_BASE = "@rpath";
				INFOPLIST_FILE = Resources/Info.plist;
				INSTALL_PATH = "$(LOCAL_LIBRARY_DIR)/Frameworks";
				LD_RUNPATH_SEARCH_PATHS = (
					"$(inherited)",
					"@executable_path/../Frameworks",
					"@loader_path/Frameworks",
				);
				MACOSX_DEPLOYMENT_TARGET = 10.9;
				MARKETING_VERSION = 0.9;
				PRODUCT_BUNDLE_IDENTIFIER = com.Socii.iRacingSDK;
				PRODUCT_NAME = "$(TARGET_NAME:c99extidentifier)";
				SKIP_INSTALL = YES;
				SWIFT_OPTIMIZATION_LEVEL = "-Onone";
				SWIFT_VERSION = 5.0;
			};
			name = Debug;
		};
		3A81B2B725B4B8FD00272889 /* Release */ = {
			isa = XCBuildConfiguration;
			buildSettings = {
				CLANG_ENABLE_MODULES = YES;
				CODE_SIGN_STYLE = Automatic;
				COMBINE_HIDPI_IMAGES = YES;
				CURRENT_PROJECT_VERSION = 4;
				DEFINES_MODULE = YES;
				DEVELOPMENT_TEAM = T2QBYJ23J6;
				DYLIB_COMPATIBILITY_VERSION = 1;
				DYLIB_CURRENT_VERSION = 1;
				DYLIB_INSTALL_NAME_BASE = "@rpath";
				INFOPLIST_FILE = Resources/Info.plist;
				INSTALL_PATH = "$(LOCAL_LIBRARY_DIR)/Frameworks";
				LD_RUNPATH_SEARCH_PATHS = (
					"$(inherited)",
					"@executable_path/../Frameworks",
					"@loader_path/Frameworks",
				);
				MACOSX_DEPLOYMENT_TARGET = 10.9;
				MARKETING_VERSION = 0.9;
				PRODUCT_BUNDLE_IDENTIFIER = com.Socii.iRacingSDK;
				PRODUCT_NAME = "$(TARGET_NAME:c99extidentifier)";
				SKIP_INSTALL = YES;
				SWIFT_VERSION = 5.0;
			};
			name = Release;
		};
		3A81B2B925B4B8FD00272889 /* Debug */ = {
			isa = XCBuildConfiguration;
			buildSettings = {
				ALWAYS_EMBED_SWIFT_STANDARD_LIBRARIES = YES;
				CODE_SIGN_STYLE = Automatic;
				COMBINE_HIDPI_IMAGES = YES;
				DEVELOPMENT_TEAM = T2QBYJ23J6;
				INFOPLIST_FILE = iRacingSDKTests/Info.plist;
				LD_RUNPATH_SEARCH_PATHS = (
					"$(inherited)",
					"@executable_path/../Frameworks",
					"@loader_path/../Frameworks",
				);
				PRODUCT_BUNDLE_IDENTIFIER = com.Socii.iRacingSDKTests;
				PRODUCT_NAME = "$(TARGET_NAME)";
				SWIFT_VERSION = 5.0;
			};
			name = Debug;
		};
		3A81B2BA25B4B8FD00272889 /* Release */ = {
			isa = XCBuildConfiguration;
			buildSettings = {
				ALWAYS_EMBED_SWIFT_STANDARD_LIBRARIES = YES;
				CODE_SIGN_STYLE = Automatic;
				COMBINE_HIDPI_IMAGES = YES;
				DEVELOPMENT_TEAM = T2QBYJ23J6;
				INFOPLIST_FILE = iRacingSDKTests/Info.plist;
				LD_RUNPATH_SEARCH_PATHS = (
					"$(inherited)",
					"@executable_path/../Frameworks",
					"@loader_path/../Frameworks",
				);
				PRODUCT_BUNDLE_IDENTIFIER = com.Socii.iRacingSDKTests;
				PRODUCT_NAME = "$(TARGET_NAME)";
				SWIFT_VERSION = 5.0;
			};
			name = Release;
		};
/* End XCBuildConfiguration section */

/* Begin XCConfigurationList section */
		3A81B29B25B4B8FD00272889 /* Build configuration list for PBXProject "iRacingSDK" */ = {
			isa = XCConfigurationList;
			buildConfigurations = (
				3A81B2B325B4B8FD00272889 /* Debug */,
				3A81B2B425B4B8FD00272889 /* Release */,
			);
			defaultConfigurationIsVisible = 0;
			defaultConfigurationName = Release;
		};
		3A81B2B525B4B8FD00272889 /* Build configuration list for PBXNativeTarget "iRacingSDK" */ = {
			isa = XCConfigurationList;
			buildConfigurations = (
				3A81B2B625B4B8FD00272889 /* Debug */,
				3A81B2B725B4B8FD00272889 /* Release */,
			);
			defaultConfigurationIsVisible = 0;
			defaultConfigurationName = Release;
		};
		3A81B2B825B4B8FD00272889 /* Build configuration list for PBXNativeTarget "iRacingSDKTests" */ = {
			isa = XCConfigurationList;
			buildConfigurations = (
				3A81B2B925B4B8FD00272889 /* Debug */,
				3A81B2BA25B4B8FD00272889 /* Release */,
			);
			defaultConfigurationIsVisible = 0;
			defaultConfigurationName = Release;
		};
/* End XCConfigurationList section */
	};
	rootObject = 3A81B29825B4B8FD00272889 /* Project object */;
}
